// !$*UTF8*$!
{
 archiveVersion = 1;
 classes = {};
 objectVersion = 56;
 objects = {
  A125CA4391CB4C97A35FD211 = { isa = PBXFileReference; lastKnownFileType = sourcecode.swift; path = "Apps/EngineeringStudio/Features/WorkspaceAppearance.swift"; sourceTree = SOURCE_ROOT; };
  B125CA4391CB4C97A35FD211 = { isa = PBXBuildFile; fileRef = A125CA4391CB4C97A35FD211; };
  C125CA4391CB4C97A35FD211 = { isa = PBXBuildFile; fileRef = A125CA4391CB4C97A35FD211; };
  85D5E72C7BFDD7C4D1829B49 = { isa = PBXFileReference; lastKnownFileType = sourcecode.swift; path = "Apps/EngineeringStudio/EngineeringStudioApp.swift"; sourceTree = SOURCE_ROOT; };
  E026795F489765B4D48C3535 = { isa = PBXFileReference; lastKnownFileType = sourcecode.swift; path = "Apps/EngineeringStudio/Features/EngineeringRoomView.swift"; sourceTree = SOURCE_ROOT; };
  D6C537D0FD356D926F5DC683 = { isa = PBXFileReference; lastKnownFileType = sourcecode.swift; path = "Apps/EngineeringStudio/Features/StudioRootView.swift"; sourceTree = SOURCE_ROOT; };
  455DF7938BADCE81FF163A7E = { isa = PBXFileReference; lastKnownFileType = sourcecode.swift; path = "Apps/EngineeringStudio/Features/StudioSettingsView.swift"; sourceTree = SOURCE_ROOT; };
  F22CF38260455E7F13FB3F95 = { isa = PBXFileReference; lastKnownFileType = sourcecode.swift; path = "Apps/EngineeringStudio/Features/WorkViews.swift"; sourceTree = SOURCE_ROOT; };
  51B6FFD5E951475D3C6775AD = { isa = PBXFileReference; lastKnownFileType = sourcecode.swift; path = "Apps/EngineeringStudio/Models/StudioStore.swift"; sourceTree = SOURCE_ROOT; };
  537E1C86CC8103BED8B9474C = { isa = PBXFileReference; lastKnownFileType = sourcecode.swift; path = "Apps/EngineeringStudio/Services/FoundationPlanner.swift"; sourceTree = SOURCE_ROOT; };
  8BF729FFE074CAEE622C0292 = { isa = PBXFileReference; lastKnownFileType = folder.assetcatalog; path = Apps/EngineeringStudio/Assets.xcassets; sourceTree = SOURCE_ROOT; };
  CCB32DA757F8CB91EA8A9F9D = { isa = PBXFileReference; lastKnownFileType = text.plist.entitlements; path = Apps/EngineeringStudio/EngineeringStudio.entitlements; sourceTree = SOURCE_ROOT; };
  3B154E706CED51DCE518200D = { isa = XCLocalSwiftPackageReference; relativePath = Packages/EngineeringCore; };
  2222AF16A4EDAD6E1138AADC = { isa = XCLocalSwiftPackageReference; relativePath = "."; };
  1D9D801B689DF614ECE9F09C = { isa = PBXFileReference; explicitFileType = wrapper.application; includeInIndex = 0; path = EngineeringStudioiOS.app; sourceTree = BUILT_PRODUCTS_DIR; };
  EDE9CCC88DB45C9CD6CA4B4F = { isa = PBXBuildFile; fileRef = 85D5E72C7BFDD7C4D1829B49; };
  87FC662C5EB6D0B007D079C0 = { isa = PBXBuildFile; fileRef = E026795F489765B4D48C3535; };
  48C59957AB28B5EC46F18F93 = { isa = PBXBuildFile; fileRef = D6C537D0FD356D926F5DC683; };
  8B8ED68238F15D50541FC89C = { isa = PBXBuildFile; fileRef = 455DF7938BADCE81FF163A7E; };
  B41F656550CFA8AB3AFCB694 = { isa = PBXBuildFile; fileRef = F22CF38260455E7F13FB3F95; };
  95DFBEC04B1B0FA28A629D6F = { isa = PBXBuildFile; fileRef = 51B6FFD5E951475D3C6775AD; };
  CF25D4E8C5F6601947A803E7 = { isa = PBXBuildFile; fileRef = 537E1C86CC8103BED8B9474C; };
  FFE38261F017B18620BE7ED7 = { isa = PBXBuildFile; fileRef = 8BF729FFE074CAEE622C0292; };
  095327082FCB68AC4692DBA6 = { isa = XCSwiftPackageProductDependency; package = 3B154E706CED51DCE518200D; productName = EngineeringCore; };
  03EDEDD02237AEEE48FC33CB = { isa = PBXBuildFile; productRef = 095327082FCB68AC4692DBA6; };
  DFAAF792F3DA38E5458E353E = { isa = XCSwiftPackageProductDependency; package = 2222AF16A4EDAD6E1138AADC; productName = FoundationModelsUtilities; };
  DC9EBF175690777D0D77D141 = { isa = PBXBuildFile; productRef = DFAAF792F3DA38E5458E353E; };
  161B4866EB58769B1A612EE9 = { isa = PBXSourcesBuildPhase; buildActionMask = 2147483647; files = (B125CA4391CB4C97A35FD211, EDE9CCC88DB45C9CD6CA4B4F, 87FC662C5EB6D0B007D079C0, 48C59957AB28B5EC46F18F93, 8B8ED68238F15D50541FC89C, B41F656550CFA8AB3AFCB694, 95DFBEC04B1B0FA28A629D6F, CF25D4E8C5F6601947A803E7,); runOnlyForDeploymentPostprocessing = 0; };
  7BE54A6E9C82274B1F0ED4B6 = { isa = PBXFrameworksBuildPhase; buildActionMask = 2147483647; files = (03EDEDD02237AEEE48FC33CB, DC9EBF175690777D0D77D141,); runOnlyForDeploymentPostprocessing = 0; };
  4C0F1DB7985E3D680CAFD816 = { isa = PBXResourcesBuildPhase; buildActionMask = 2147483647; files = (FFE38261F017B18620BE7ED7,); runOnlyForDeploymentPostprocessing = 0; };
  3F19BD7F81B38AD513F056C8 = { isa = XCBuildConfiguration; buildSettings = { PRODUCT_NAME = "$(TARGET_NAME)"; PRODUCT_BUNDLE_IDENTIFIER = "dev.kmsh.engineeringstudio"; SWIFT_VERSION = "6.0"; SWIFT_STRICT_CONCURRENCY = "complete"; SWIFT_DEFAULT_ACTOR_ISOLATION = "nonisolated"; GENERATE_INFOPLIST_FILE = "YES"; INFOPLIST_KEY_CFBundleDisplayName = "Engineering Studio"; MARKETING_VERSION = "0.1.0"; CURRENT_PROJECT_VERSION = "1"; CODE_SIGN_STYLE = "Automatic"; ASSETCATALOG_COMPILER_GLOBAL_ACCENT_COLOR_NAME = "AccentColor"; SDKROOT = "iphoneos"; LD_RUNPATH_SEARCH_PATHS = "$(inherited) @executable_path/Frameworks"; IPHONEOS_DEPLOYMENT_TARGET = "27.0"; TARGETED_DEVICE_FAMILY = "1,2"; SUPPORTED_PLATFORMS = "iphoneos iphonesimulator"; SUPPORTS_MACCATALYST = "NO"; INFOPLIST_KEY_UIApplicationSceneManifest_Generation = "YES"; INFOPLIST_KEY_UILaunchScreen_Generation = "YES"; INFOPLIST_KEY_UISupportedInterfaceOrientations_iPhone = "UIInterfaceOrientationPortrait UIInterfaceOrientationLandscapeLeft UIInterfaceOrientationLandscapeRight"; INFOPLIST_KEY_UISupportedInterfaceOrientations_iPad = "UIInterfaceOrientationPortrait UIInterfaceOrientationPortraitUpsideDown UIInterfaceOrientationLandscapeLeft UIInterfaceOrientationLandscapeRight"; }; name = Debug; };
  55B778108BBD76D8807C335A = { isa = XCBuildConfiguration; buildSettings = { PRODUCT_NAME = "$(TARGET_NAME)"; PRODUCT_BUNDLE_IDENTIFIER = "dev.kmsh.engineeringstudio"; SWIFT_VERSION = "6.0"; SWIFT_STRICT_CONCURRENCY = "complete"; SWIFT_DEFAULT_ACTOR_ISOLATION = "nonisolated"; GENERATE_INFOPLIST_FILE = "YES"; INFOPLIST_KEY_CFBundleDisplayName = "Engineering Studio"; MARKETING_VERSION = "0.1.0"; CURRENT_PROJECT_VERSION = "1"; CODE_SIGN_STYLE = "Automatic"; ASSETCATALOG_COMPILER_GLOBAL_ACCENT_COLOR_NAME = "AccentColor"; SDKROOT = "iphoneos"; LD_RUNPATH_SEARCH_PATHS = "$(inherited) @executable_path/Frameworks"; IPHONEOS_DEPLOYMENT_TARGET = "27.0"; TARGETED_DEVICE_FAMILY = "1,2"; SUPPORTED_PLATFORMS = "iphoneos iphonesimulator"; SUPPORTS_MACCATALYST = "NO"; INFOPLIST_KEY_UIApplicationSceneManifest_Generation = "YES"; INFOPLIST_KEY_UILaunchScreen_Generation = "YES"; INFOPLIST_KEY_UISupportedInterfaceOrientations_iPhone = "UIInterfaceOrientationPortrait UIInterfaceOrientationLandscapeLeft UIInterfaceOrientationLandscapeRight"; INFOPLIST_KEY_UISupportedInterfaceOrientations_iPad = "UIInterfaceOrientationPortrait UIInterfaceOrientationPortraitUpsideDown UIInterfaceOrientationLandscapeLeft UIInterfaceOrientationLandscapeRight"; }; name = Release; };
  44C089897657A587C49D1D5E = { isa = XCConfigurationList; buildConfigurations = (3F19BD7F81B38AD513F056C8, 55B778108BBD76D8807C335A,); defaultConfigurationIsVisible = 0; defaultConfigurationName = Release; };
  D98E84FFD74A2F1706A4EA50 = { isa = PBXNativeTarget; buildConfigurationList = 44C089897657A587C49D1D5E; buildPhases = (161B4866EB58769B1A612EE9, 7BE54A6E9C82274B1F0ED4B6, 4C0F1DB7985E3D680CAFD816,); buildRules = (); dependencies = (); name = EngineeringStudioiOS; packageProductDependencies = (095327082FCB68AC4692DBA6, DFAAF792F3DA38E5458E353E,); productName = EngineeringStudioiOS; productReference = 1D9D801B689DF614ECE9F09C; productType = "com.apple.product-type.application"; };
  47F8D2F6BD103D2C618A1606 = { isa = PBXFileReference; explicitFileType = wrapper.application; includeInIndex = 0; path = EngineeringStudioMac.app; sourceTree = BUILT_PRODUCTS_DIR; };
  0117522C3D419E440F1E05C0 = { isa = PBXBuildFile; fileRef = 85D5E72C7BFDD7C4D1829B49; };
  F65368388660907F9F4DFD67 = { isa = PBXBuildFile; fileRef = E026795F489765B4D48C3535; };
  5A902EC39F32328B33F49239 = { isa = PBXBuildFile; fileRef = D6C537D0FD356D926F5DC683; };
  9B25CC7238A71256FE5A4903 = { isa = PBXBuildFile; fileRef = 455DF7938BADCE81FF163A7E; };
  EFEAE982AAA99D1CDE02FF7E = { isa = PBXBuildFile; fileRef = F22CF38260455E7F13FB3F95; };
  32538AE67F67B8ED8F63C418 = { isa = PBXBuildFile; fileRef = 51B6FFD5E951475D3C6775AD; };
  646A1BF71FD74EADB5D1D5EE = { isa = PBXBuildFile; fileRef = 537E1C86CC8103BED8B9474C; };
  BB43B680971D732F14D5DE7D = { isa = PBXBuildFile; fileRef = 8BF729FFE074CAEE622C0292; };
  FC8F213FA3D0EE41F5F4485F = { isa = XCSwiftPackageProductDependency; package = 3B154E706CED51DCE518200D; productName = EngineeringCore; };
  8747181A21B1C4826E39F023 = { isa = PBXBuildFile; productRef = FC8F213FA3D0EE41F5F4485F; };
  6649097013D7AE86EA725F54 = { isa = XCSwiftPackageProductDependency; package = 2222AF16A4EDAD6E1138AADC; productName = FoundationModelsUtilities; };
  01A5463BD760CB7FC4E0BD2E = { isa = PBXBuildFile; productRef = 6649097013D7AE86EA725F54; };
  36815CEA6663CB802C7D48C5 = { isa = PBXSourcesBuildPhase; buildActionMask = 2147483647; files = (C125CA4391CB4C97A35FD211, 0117522C3D419E440F1E05C0, F65368388660907F9F4DFD67, 5A902EC39F32328B33F49239, 9B25CC7238A71256FE5A4903, EFEAE982AAA99D1CDE02FF7E, 32538AE67F67B8ED8F63C418, 646A1BF71FD74EADB5D1D5EE,); runOnlyForDeploymentPostprocessing = 0; };
  93DD077A19ABC1EC6EB0D4B5 = { isa = PBXFrameworksBuildPhase; buildActionMask = 2147483647; files = (8747181A21B1C4826E39F023, 01A5463BD760CB7FC4E0BD2E,); runOnlyForDeploymentPostprocessing = 0; };
  A1B903297B9F05727DB479C7 = { isa = PBXResourcesBuildPhase; buildActionMask = 2147483647; files = (BB43B680971D732F14D5DE7D,); runOnlyForDeploymentPostprocessing = 0; };
  AF53105F8CC32739FBA6F248 = { isa = XCBuildConfiguration; buildSettings = { PRODUCT_NAME = "$(TARGET_NAME)"; PRODUCT_BUNDLE_IDENTIFIER = "dev.kmsh.engineeringstudio.mac"; SWIFT_VERSION = "6.0"; SWIFT_STRICT_CONCURRENCY = "complete"; SWIFT_DEFAULT_ACTOR_ISOLATION = "nonisolated"; GENERATE_INFOPLIST_FILE = "YES"; INFOPLIST_KEY_CFBundleDisplayName = "Engineering Studio"; MARKETING_VERSION = "0.1.0"; CURRENT_PROJECT_VERSION = "1"; CODE_SIGN_STYLE = "Automatic"; ASSETCATALOG_COMPILER_GLOBAL_ACCENT_COLOR_NAME = "AccentColor"; SDKROOT = "macosx"; LD_RUNPATH_SEARCH_PATHS = "$(inherited) @executable_path/../Frameworks"; MACOSX_DEPLOYMENT_TARGET = "27.0"; CODE_SIGN_ENTITLEMENTS = "Apps/EngineeringStudio/EngineeringStudio.entitlements"; ENABLE_HARDENED_RUNTIME = "YES"; INFOPLIST_KEY_LSApplicationCategoryType = "public.app-category.developer-tools"; }; name = Debug; };
  35D5BB42BACB90300C1ECCAF = { isa = XCBuildConfiguration; buildSettings = { PRODUCT_NAME = "$(TARGET_NAME)"; PRODUCT_BUNDLE_IDENTIFIER = "dev.kmsh.engineeringstudio.mac"; SWIFT_VERSION = "6.0"; SWIFT_STRICT_CONCURRENCY = "complete"; SWIFT_DEFAULT_ACTOR_ISOLATION = "nonisolated"; GENERATE_INFOPLIST_FILE = "YES"; INFOPLIST_KEY_CFBundleDisplayName = "Engineering Studio"; MARKETING_VERSION = "0.1.0"; CURRENT_PROJECT_VERSION = "1"; CODE_SIGN_STYLE = "Automatic"; ASSETCATALOG_COMPILER_GLOBAL_ACCENT_COLOR_NAME = "AccentColor"; SDKROOT = "macosx"; LD_RUNPATH_SEARCH_PATHS = "$(inherited) @executable_path/../Frameworks"; MACOSX_DEPLOYMENT_TARGET = "27.0"; CODE_SIGN_ENTITLEMENTS = "Apps/EngineeringStudio/EngineeringStudio.entitlements"; ENABLE_HARDENED_RUNTIME = "YES"; INFOPLIST_KEY_LSApplicationCategoryType = "public.app-category.developer-tools"; }; name = Release; };
  DAD68665D7A8592579B3F660 = { isa = XCConfigurationList; buildConfigurations = (AF53105F8CC32739FBA6F248, 35D5BB42BACB90300C1ECCAF,); defaultConfigurationIsVisible = 0; defaultConfigurationName = Release; };
  19EE11A8EB5C3703682D8811 = { isa = PBXNativeTarget; buildConfigurationList = DAD68665D7A8592579B3F660; buildPhases = (36815CEA6663CB802C7D48C5, 93DD077A19ABC1EC6EB0D4B5, A1B903297B9F05727DB479C7,); buildRules = (); dependencies = (); name = EngineeringStudioMac; packageProductDependencies = (FC8F213FA3D0EE41F5F4485F, 6649097013D7AE86EA725F54,); productName = EngineeringStudioMac; productReference = 47F8D2F6BD103D2C618A1606; productType = "com.apple.product-type.application"; };
  4EDC8BFAFC6BD936B849F38C = { isa = PBXGroup; children = (1D9D801B689DF614ECE9F09C, 47F8D2F6BD103D2C618A1606,); name = Products; sourceTree = "<group>"; };
  0D04BFEB7D64B71C74FC925C = { isa = PBXGroup; children = (A125CA4391CB4C97A35FD211, 85D5E72C7BFDD7C4D1829B49, E026795F489765B4D48C3535, D6C537D0FD356D926F5DC683, 455DF7938BADCE81FF163A7E, F22CF38260455E7F13FB3F95, 51B6FFD5E951475D3C6775AD, 537E1C86CC8103BED8B9474C, 8BF729FFE074CAEE622C0292, CCB32DA757F8CB91EA8A9F9D,); name = EngineeringStudio; sourceTree = "<group>"; };
  0035FE99EA2940F7FA633A58 = { isa = PBXGroup; children = (0D04BFEB7D64B71C74FC925C, 4EDC8BFAFC6BD936B849F38C,); sourceTree = "<group>"; };
  73EBF6644258C120893E685D = { isa = XCBuildConfiguration; buildSettings = { ALWAYS_SEARCH_USER_PATHS = "NO"; CLANG_ENABLE_MODULES = "YES"; CLANG_ENABLE_OBJC_ARC = "YES"; GCC_C_LANGUAGE_STANDARD = "gnu17"; SWIFT_OPTIMIZATION_LEVEL = "-Onone"; DEBUG_INFORMATION_FORMAT = "dwarf"; ENABLE_TESTABILITY = "YES"; SWIFT_ACTIVE_COMPILATION_CONDITIONS = "DEBUG $(inherited)"; }; name = Debug; };
  0B0C687DF8B6B8DC790B519C = { isa = XCBuildConfiguration; buildSettings = { ALWAYS_SEARCH_USER_PATHS = "NO"; CLANG_ENABLE_MODULES = "YES"; CLANG_ENABLE_OBJC_ARC = "YES"; GCC_C_LANGUAGE_STANDARD = "gnu17"; SWIFT_OPTIMIZATION_LEVEL = "-O"; DEBUG_INFORMATION_FORMAT = "dwarf-with-dsym"; ENABLE_TESTABILITY = "NO"; SWIFT_ACTIVE_COMPILATION_CONDITIONS = "$(inherited)"; }; name = Release; };
  AAB2723FF2C8E6D1C298C1E4 = { isa = XCConfigurationList; buildConfigurations = (73EBF6644258C120893E685D, 0B0C687DF8B6B8DC790B519C,); defaultConfigurationIsVisible = 0; defaultConfigurationName = Release; };
  244210E48437B6556980A702 = { isa = PBXProject; attributes = { BuildIndependentTargetsInParallel = YES; LastUpgradeCheck = 2700; }; buildConfigurationList = AAB2723FF2C8E6D1C298C1E4; compatibilityVersion = "Xcode 14.0"; developmentRegion = en; hasScannedForEncodings = 0; knownRegions = (en, Base); mainGroup = 0035FE99EA2940F7FA633A58; packageReferences = (3B154E706CED51DCE518200D, 2222AF16A4EDAD6E1138AADC,); productRefGroup = 4EDC8BFAFC6BD936B849F38C; projectDirPath = ""; projectRoot = ""; targets = (D98E84FFD74A2F1706A4EA50, 19EE11A8EB5C3703682D8811,); };
 };
 rootObject = 244210E48437B6556980A702;
}
